
Microsoft Visual Studio Solution File, Format Version 12.00
# Visual Studio Version 16
VisualStudioVersion = 16.0.32106.194
MinimumVisualStudioVersion = 10.0.40219.1
Project("{FAE04EC0-301F-11D3-BF4B-00C04F79EFBC}") = "01. Train", "01. Train\01. Train.csproj", "{5BE69047-8EB1-461E-853E-363048617094}"
EndProject
Project("{FAE04EC0-301F-11D3-BF4B-00C04F79EFBC}") = "02. Common Elements", "02. Common Elements\02. Common Elements.csproj", "{40F285B5-CE48-48CC-A314-EA20B0EFB354}"
EndProject
Project("{FAE04EC0-301F-11D3-BF4B-00C04F79EFBC}") = "03. Zig-Zag Arrays", "03. Zig-Zag Arrays\03. Zig-Zag Arrays.csproj", "{47149522-978E-4520-A291-16F103BA494A}"
EndProject
Project("{FAE04EC0-301F-11D3-BF4B-00C04F79EFBC}") = "04. Array Rotation", "04. Array Rotation\04. Array Rotation.csproj", "{56F64B47-7ABC-4B31-AE4C-9FA0BEED3898}"
EndProject
Project("{FAE04EC0-301F-11D3-BF4B-00C04F79EFBC}") = "05. Top Integers", "05. Top Integers\05. Top Integers.csproj", "{B6184228-31D9-42F4-B984-B9CFBE932ACB}"
EndProject
Global
	GlobalSection(SolutionConfigurationPlatforms) = preSolution
		Debug|Any CPU = Debug|Any CPU
		Release|Any CPU = Release|Any CPU
	EndGlobalSection
	GlobalSection(ProjectConfigurationPlatforms) = postSolution
		{5BE69047-8EB1-461E-853E-363048617094}.Debug|Any CPU.ActiveCfg = Debug|Any CPU
		{5BE69047-8EB1-461E-853E-363048617094}.Debug|Any CPU.Build.0 = Debug|Any CPU
		{5BE69047-8EB1-461E-853E-363048617094}.Release|Any CPU.ActiveCfg = Release|Any CPU
		{5BE69047-8EB1-461E-853E-363048617094}.Release|Any CPU.Build.0 = Release|Any CPU
		{40F285B5-CE48-48CC-A314-EA20B0EFB354}.Debug|Any CPU.ActiveCfg = Debug|Any CPU
		{40F285B5-CE48-48CC-A314-EA20B0EFB354}.Debug|Any CPU.Build.0 = Debug|Any CPU
		{40F285B5-CE48-48CC-A314-EA20B0EFB354}.Release|Any CPU.ActiveCfg = Release|Any CPU
		{40F285B5-CE48-48CC-A314-EA20B0EFB354}.Release|Any CPU.Build.0 = Release|Any CPU
		{47149522-978E-4520-A291-16F103BA494A}.Debug|Any CPU.ActiveCfg = Debug|Any CPU
		{47149522-978E-4520-A291-16F103BA494A}.Debug|Any CPU.Build.0 = Debug|Any CPU
		{47149522-978E-4520-A291-16F103BA494A}.Release|Any CPU.ActiveCfg = Release|Any CPU
		{47149522-978E-4520-A291-16F103BA494A}.Release|Any CPU.Build.0 = Release|Any CPU
		{56F64B47-7ABC-4B31-AE4C-9FA0BEED3898}.Debug|Any CPU.ActiveCfg = Debug|Any CPU
		{56F64B47-7ABC-4B31-AE4C-9FA0BEED3898}.Debug|Any CPU.Build.0 = Debug|Any CPU
		{56F64B47-7ABC-4B31-AE4C-9FA0BEED3898}.Release|Any CPU.ActiveCfg = Release|Any CPU
		{56F64B47-7ABC-4B31-AE4C-9FA0BEED3898}.Release|Any CPU.Build.0 = Release|Any CPU
		{B6184228-31D9-42F4-B984-B9CFBE932ACB}.Debug|Any CPU.ActiveCfg = Debug|Any CPU
		{B6184228-31D9-42F4-B984-B9CFBE932ACB}.Debug|Any CPU.Build.0 = Debug|Any CPU
		{B6184228-31D9-42F4-B984-B9CFBE932ACB}.Release|Any CPU.ActiveCfg = Release|Any CPU
		{B6184228-31D9-42F4-B984-B9CFBE932ACB}.Release|Any CPU.Build.0 = Release|Any CPU
	EndGlobalSection
	GlobalSection(SolutionProperties) = preSolution
		HideSolutionNode = FALSE
	EndGlobalSection
	GlobalSection(ExtensibilityGlobals) = postSolution
		SolutionGuid = {D6E83085-9DA3-43F8-927C-0D52C20DBB7A}
	EndGlobalSection
EndGlobal
